
Microsoft Visual Studio Solution File, Format Version 12.00
# Visual Studio 15
VisualStudioVersion = 15.0.27004.2005
MinimumVisualStudioVersion = 10.0.40219.1
Project("{FAE04EC0-301F-11D3-BF4B-00C04F79EFBC}") = "App3", "App3\App3.csproj", "{03E806D6-A9E9-44D0-8A8A-0C86303837B9}"
EndProject
Global
	GlobalSection(SolutionConfigurationPlatforms) = preSolution
		Debug|Any CPU = Debug|Any CPU
		Release|Any CPU = Release|Any CPU
	EndGlobalSection
	GlobalSection(ProjectConfigurationPlatforms) = postSolution
		{03E806D6-A9E9-44D0-8A8A-0C86303837B9}.Debug|Any CPU.ActiveCfg = Debug|Any CPU
		{03E806D6-A9E9-44D0-8A8A-0C86303837B9}.Debug|Any CPU.Build.0 = Debug|Any CPU
		{03E806D6-A9E9-44D0-8A8A-0C86303837B9}.Debug|Any CPU.Deploy.0 = Debug|Any CPU
		{03E806D6-A9E9-44D0-8A8A-0C86303837B9}.Release|Any CPU.ActiveCfg = Release|Any CPU
		{03E806D6-A9E9-44D0-8A8A-0C86303837B9}.Release|Any CPU.Build.0 = Release|Any CPU
		{03E806D6-A9E9-44D0-8A8A-0C86303837B9}.Release|Any CPU.Deploy.0 = Release|Any CPU
	EndGlobalSection
	GlobalSection(SolutionProperties) = preSolution
		HideSolutionNode = FALSE
	EndGlobalSection
	GlobalSection(ExtensibilityGlobals) = postSolution
		SolutionGuid = {67F241AC-2839-4C95-91BB-9A4E6BBDBF7D}
	EndGlobalSection
EndGlobal
